
Microsoft Visual Studio Solution File, Format Version 12.00
# Visual Studio 15
VisualStudioVersion = 15.0.26124.0
MinimumVisualStudioVersion = 15.0.26124.0
Project("{FAE04EC0-301F-11D3-BF4B-00C04F79EFBC}") = "API", "API\API.csproj", "{F0268724-D4E8-45DF-8859-7EBA21FAAC3C}"
EndProject
Project("{FAE04EC0-301F-11D3-BF4B-00C04F79EFBC}") = "Core", "Core\Core.csproj", "{CE0CC7FB-CDD3-44D0-9698-E8B7427DE5C4}"
EndProject
Project("{FAE04EC0-301F-11D3-BF4B-00C04F79EFBC}") = "Infrastructure", "Infrastructure\Infrastructure.csproj", "{78BB0147-9BBF-439C-ACDC-CB5228725A6E}"
EndProject
Global
	GlobalSection(SolutionConfigurationPlatforms) = preSolution
		Debug|Any CPU = Debug|Any CPU
		Debug|x64 = Debug|x64
		Debug|x86 = Debug|x86
		Release|Any CPU = Release|Any CPU
		Release|x64 = Release|x64
		Release|x86 = Release|x86
	EndGlobalSection
	GlobalSection(SolutionProperties) = preSolution
		HideSolutionNode = FALSE
	EndGlobalSection
	GlobalSection(ProjectConfigurationPlatforms) = postSolution
		{F0268724-D4E8-45DF-8859-7EBA21FAAC3C}.Debug|Any CPU.ActiveCfg = Debug|Any CPU
		{F0268724-D4E8-45DF-8859-7EBA21FAAC3C}.Debug|Any CPU.Build.0 = Debug|Any CPU
		{F0268724-D4E8-45DF-8859-7EBA21FAAC3C}.Debug|x64.ActiveCfg = Debug|Any CPU
		{F0268724-D4E8-45DF-8859-7EBA21FAAC3C}.Debug|x64.Build.0 = Debug|Any CPU
		{F0268724-D4E8-45DF-8859-7EBA21FAAC3C}.Debug|x86.ActiveCfg = Debug|Any CPU
		{F0268724-D4E8-45DF-8859-7EBA21FAAC3C}.Debug|x86.Build.0 = Debug|Any CPU
		{F0268724-D4E8-45DF-8859-7EBA21FAAC3C}.Release|Any CPU.ActiveCfg = Release|Any CPU
		{F0268724-D4E8-45DF-8859-7EBA21FAAC3C}.Release|Any CPU.Build.0 = Release|Any CPU
		{F0268724-D4E8-45DF-8859-7EBA21FAAC3C}.Release|x64.ActiveCfg = Release|Any CPU
		{F0268724-D4E8-45DF-8859-7EBA21FAAC3C}.Release|x64.Build.0 = Release|Any CPU
		{F0268724-D4E8-45DF-8859-7EBA21FAAC3C}.Release|x86.ActiveCfg = Release|Any CPU
		{F0268724-D4E8-45DF-8859-7EBA21FAAC3C}.Release|x86.Build.0 = Release|Any CPU
		{CE0CC7FB-CDD3-44D0-9698-E8B7427DE5C4}.Debug|Any CPU.ActiveCfg = Debug|Any CPU
		{CE0CC7FB-CDD3-44D0-9698-E8B7427DE5C4}.Debug|Any CPU.Build.0 = Debug|Any CPU
		{CE0CC7FB-CDD3-44D0-9698-E8B7427DE5C4}.Debug|x64.ActiveCfg = Debug|Any CPU
		{CE0CC7FB-CDD3-44D0-9698-E8B7427DE5C4}.Debug|x64.Build.0 = Debug|Any CPU
		{CE0CC7FB-CDD3-44D0-9698-E8B7427DE5C4}.Debug|x86.ActiveCfg = Debug|Any CPU
		{CE0CC7FB-CDD3-44D0-9698-E8B7427DE5C4}.Debug|x86.Build.0 = Debug|Any CPU
		{CE0CC7FB-CDD3-44D0-9698-E8B7427DE5C4}.Release|Any CPU.ActiveCfg = Release|Any CPU
		{CE0CC7FB-CDD3-44D0-9698-E8B7427DE5C4}.Release|Any CPU.Build.0 = Release|Any CPU
		{CE0CC7FB-CDD3-44D0-9698-E8B7427DE5C4}.Release|x64.ActiveCfg = Release|Any CPU
		{CE0CC7FB-CDD3-44D0-9698-E8B7427DE5C4}.Release|x64.Build.0 = Release|Any CPU
		{CE0CC7FB-CDD3-44D0-9698-E8B7427DE5C4}.Release|x86.ActiveCfg = Release|Any CPU
		{CE0CC7FB-CDD3-44D0-9698-E8B7427DE5C4}.Release|x86.Build.0 = Release|Any CPU
		{78BB0147-9BBF-439C-ACDC-CB5228725A6E}.Debug|Any CPU.ActiveCfg = Debug|Any CPU
		{78BB0147-9BBF-439C-ACDC-CB5228725A6E}.Debug|Any CPU.Build.0 = Debug|Any CPU
		{78BB0147-9BBF-439C-ACDC-CB5228725A6E}.Debug|x64.ActiveCfg = Debug|Any CPU
		{78BB0147-9BBF-439C-ACDC-CB5228725A6E}.Debug|x64.Build.0 = Debug|Any CPU
		{78BB0147-9BBF-439C-ACDC-CB5228725A6E}.Debug|x86.ActiveCfg = Debug|Any CPU
		{78BB0147-9BBF-439C-ACDC-CB5228725A6E}.Debug|x86.Build.0 = Debug|Any CPU
		{78BB0147-9BBF-439C-ACDC-CB5228725A6E}.Release|Any CPU.ActiveCfg = Release|Any CPU
		{78BB0147-9BBF-439C-ACDC-CB5228725A6E}.Release|Any CPU.Build.0 = Release|Any CPU
		{78BB0147-9BBF-439C-ACDC-CB5228725A6E}.Release|x64.ActiveCfg = Release|Any CPU
		{78BB0147-9BBF-439C-ACDC-CB5228725A6E}.Release|x64.Build.0 = Release|Any CPU
		{78BB0147-9BBF-439C-ACDC-CB5228725A6E}.Release|x86.ActiveCfg = Release|Any CPU
		{78BB0147-9BBF-439C-ACDC-CB5228725A6E}.Release|x86.Build.0 = Release|Any CPU
	EndGlobalSection
EndGlobal
